
Microsoft Visual Studio Solution File, Format Version 12.00
# Visual Studio Version 16
VisualStudioVersion = 16.0.30011.22
MinimumVisualStudioVersion = 10.0.40219.1
Project("{FAE04EC0-301F-11D3-BF4B-00C04F79EFBC}") = "RS1-Faktura", "RS1-Faktura\RS1-Faktura.csproj", "{C5033DC5-4B88-4FA6-B65C-9F67FBE666E8}"
EndProject
Global
	GlobalSection(SolutionConfigurationPlatforms) = preSolution
		Debug|Any CPU = Debug|Any CPU
		Release|Any CPU = Release|Any CPU
	EndGlobalSection
	GlobalSection(ProjectConfigurationPlatforms) = postSolution
		{C5033DC5-4B88-4FA6-B65C-9F67FBE666E8}.Debug|Any CPU.ActiveCfg = Debug|Any CPU
		{C5033DC5-4B88-4FA6-B65C-9F67FBE666E8}.Debug|Any CPU.Build.0 = Debug|Any CPU
		{C5033DC5-4B88-4FA6-B65C-9F67FBE666E8}.Release|Any CPU.ActiveCfg = Release|Any CPU
		{C5033DC5-4B88-4FA6-B65C-9F67FBE666E8}.Release|Any CPU.Build.0 = Release|Any CPU
	EndGlobalSection
	GlobalSection(SolutionProperties) = preSolution
		HideSolutionNode = FALSE
	EndGlobalSection
	GlobalSection(ExtensibilityGlobals) = postSolution
		SolutionGuid = {44CE6E23-4E93-4104-B5A8-DDB8391A6C5B}
	EndGlobalSection
EndGlobal
