
Microsoft Visual Studio Solution File, Format Version 12.00
# Visual Studio Version 16
VisualStudioVersion = 16.0.30523.141
MinimumVisualStudioVersion = 10.0.40219.1
Project("{9A19103F-16F7-4668-BE54-9A1E7A4F7556}") = "2_Vjezba", "2_Vjezba\2_Vjezba.csproj", "{481CF0BB-F8C3-456F-A94C-C09304863ACD}"
EndProject
Project("{FAE04EC0-301F-11D3-BF4B-00C04F79EFBC}") = "Podaci", "Podaci\Podaci.csproj", "{4237F340-AD5C-438D-BE32-18AA9B7AFEEF}"
EndProject
Project("{FAE04EC0-301F-11D3-BF4B-00C04F79EFBC}") = "5_Vjezba", "5_Vjezba\5_Vjezba.csproj", "{99E16257-8ABA-4347-B946-0C4D5EB87BD6}"
EndProject
Global
	GlobalSection(SolutionConfigurationPlatforms) = preSolution
		Debug|Any CPU = Debug|Any CPU
		Release|Any CPU = Release|Any CPU
	EndGlobalSection
	GlobalSection(ProjectConfigurationPlatforms) = postSolution
		{481CF0BB-F8C3-456F-A94C-C09304863ACD}.Debug|Any CPU.ActiveCfg = Debug|Any CPU
		{481CF0BB-F8C3-456F-A94C-C09304863ACD}.Debug|Any CPU.Build.0 = Debug|Any CPU
		{481CF0BB-F8C3-456F-A94C-C09304863ACD}.Release|Any CPU.ActiveCfg = Release|Any CPU
		{481CF0BB-F8C3-456F-A94C-C09304863ACD}.Release|Any CPU.Build.0 = Release|Any CPU
		{4237F340-AD5C-438D-BE32-18AA9B7AFEEF}.Debug|Any CPU.ActiveCfg = Debug|Any CPU
		{4237F340-AD5C-438D-BE32-18AA9B7AFEEF}.Debug|Any CPU.Build.0 = Debug|Any CPU
		{4237F340-AD5C-438D-BE32-18AA9B7AFEEF}.Release|Any CPU.ActiveCfg = Release|Any CPU
		{4237F340-AD5C-438D-BE32-18AA9B7AFEEF}.Release|Any CPU.Build.0 = Release|Any CPU
		{99E16257-8ABA-4347-B946-0C4D5EB87BD6}.Debug|Any CPU.ActiveCfg = Debug|Any CPU
		{99E16257-8ABA-4347-B946-0C4D5EB87BD6}.Debug|Any CPU.Build.0 = Debug|Any CPU
		{99E16257-8ABA-4347-B946-0C4D5EB87BD6}.Release|Any CPU.ActiveCfg = Release|Any CPU
		{99E16257-8ABA-4347-B946-0C4D5EB87BD6}.Release|Any CPU.Build.0 = Release|Any CPU
	EndGlobalSection
	GlobalSection(SolutionProperties) = preSolution
		HideSolutionNode = FALSE
	EndGlobalSection
	GlobalSection(ExtensibilityGlobals) = postSolution
		SolutionGuid = {12A6412A-665F-4330-BC6E-A4238416F86F}
	EndGlobalSection
EndGlobal
